// !$*UTF8*$!
{
	archiveVersion = 1;
	classes = {
	};
	objectVersion = 50;
	objects = {

/* Begin PBXBuildFile section */
		641A185A93235CD40153FDDD /* Pods_IntercomHeaderIssue.framework in Frameworks */ = {isa = PBXBuildFile; fileRef = 0EA8B904A74AA862DE48EA2A /* Pods_IntercomHeaderIssue.framework */; };
		D339ECB3234D2C440052D41A /* AppDelegate.m in Sources */ = {isa = PBXBuildFile; fileRef = D339ECB2234D2C440052D41A /* AppDelegate.m */; };
		D339ECB6234D2C440052D41A /* SceneDelegate.m in Sources */ = {isa = PBXBuildFile; fileRef = D339ECB5234D2C440052D41A /* SceneDelegate.m */; };
		D339ECB9234D2C440052D41A /* ViewController.m in Sources */ = {isa = PBXBuildFile; fileRef = D339ECB8234D2C440052D41A /* ViewController.m */; };
		D339ECBC234D2C440052D41A /* Main.storyboard in Resources */ = {isa = PBXBuildFile; fileRef = D339ECBA234D2C440052D41A /* Main.storyboard */; };
		D339ECBE234D2C440052D41A /* Assets.xcassets in Resources */ = {isa = PBXBuildFile; fileRef = D339ECBD234D2C440052D41A /* Assets.xcassets */; };
		D339ECC1234D2C440052D41A /* LaunchScreen.storyboard in Resources */ = {isa = PBXBuildFile; fileRef = D339ECBF234D2C440052D41A /* LaunchScreen.storyboard */; };
		D339ECC4234D2C440052D41A /* main.m in Sources */ = {isa = PBXBuildFile; fileRef = D339ECC3234D2C440052D41A /* main.m */; };
/* End PBXBuildFile section */

/* Begin PBXFileReference section */
		0EA8B904A74AA862DE48EA2A /* Pods_IntercomHeaderIssue.framework */ = {isa = PBXFileReference; explicitFileType = wrapper.framework; includeInIndex = 0; path = Pods_IntercomHeaderIssue.framework; sourceTree = BUILT_PRODUCTS_DIR; };
		CD2D7606E91DDEE38532CFB0 /* Pods-IntercomHeaderIssue.release.xcconfig */ = {isa = PBXFileReference; includeInIndex = 1; lastKnownFileType = text.xcconfig; name = "Pods-IntercomHeaderIssue.release.xcconfig"; path = "Target Support Files/Pods-IntercomHeaderIssue/Pods-IntercomHeaderIssue.release.xcconfig"; sourceTree = "<group>"; };
		D339ECAE234D2C440052D41A /* IntercomHeaderIssue.app */ = {isa = PBXFileReference; explicitFileType = wrapper.application; includeInIndex = 0; path = IntercomHeaderIssue.app; sourceTree = BUILT_PRODUCTS_DIR; };
		D339ECB1234D2C440052D41A /* AppDelegate.h */ = {isa = PBXFileReference; lastKnownFileType = sourcecode.c.h; path = AppDelegate.h; sourceTree = "<group>"; };
		D339ECB2234D2C440052D41A /* AppDelegate.m */ = {isa = PBXFileReference; lastKnownFileType = sourcecode.c.objc; path = AppDelegate.m; sourceTree = "<group>"; };
		D339ECB4234D2C440052D41A /* SceneDelegate.h */ = {isa = PBXFileReference; lastKnownFileType = sourcecode.c.h; path = SceneDelegate.h; sourceTree = "<group>"; };
		D339ECB5234D2C440052D41A /* SceneDelegate.m */ = {isa = PBXFileReference; lastKnownFileType = sourcecode.c.objc; path = SceneDelegate.m; sourceTree = "<group>"; };
		D339ECB7234D2C440052D41A /* ViewController.h */ = {isa = PBXFileReference; lastKnownFileType = sourcecode.c.h; path = ViewController.h; sourceTree = "<group>"; };
		D339ECB8234D2C440052D41A /* ViewController.m */ = {isa = PBXFileReference; lastKnownFileType = sourcecode.c.objc; path = ViewController.m; sourceTree = "<group>"; };
		D339ECBB234D2C440052D41A /* Base */ = {isa = PBXFileReference; lastKnownFileType = file.storyboard; name = Base; path = Base.lproj/Main.storyboard; sourceTree = "<group>"; };
		D339ECBD234D2C440052D41A /* Assets.xcassets */ = {isa = PBXFileReference; lastKnownFileType = folder.assetcatalog; path = Assets.xcassets; sourceTree = "<group>"; };
		D339ECC0234D2C440052D41A /* Base */ = {isa = PBXFileReference; lastKnownFileType = file.storyboard; name = Base; path = Base.lproj/LaunchScreen.storyboard; sourceTree = "<group>"; };
		D339ECC2234D2C440052D41A /* Info.plist */ = {isa = PBXFileReference; lastKnownFileType = text.plist.xml; path = Info.plist; sourceTree = "<group>"; };
		D339ECC3234D2C440052D41A /* main.m */ = {isa = PBXFileReference; lastKnownFileType = sourcecode.c.objc; path = main.m; sourceTree = "<group>"; };
		ECDD9629D6A7BC6AA98D5352 /* Pods-IntercomHeaderIssue.debug.xcconfig */ = {isa = PBXFileReference; includeInIndex = 1; lastKnownFileType = text.xcconfig; name = "Pods-IntercomHeaderIssue.debug.xcconfig"; path = "Target Support Files/Pods-IntercomHeaderIssue/Pods-IntercomHeaderIssue.debug.xcconfig"; sourceTree = "<group>"; };
/* End PBXFileReference section */

/* Begin PBXFrameworksBuildPhase section */
		D339ECAB234D2C440052D41A /* Frameworks */ = {
			isa = PBXFrameworksBuildPhase;
			buildActionMask = 2147483647;
			files = (
				641A185A93235CD40153FDDD /* Pods_IntercomHeaderIssue.framework in Frameworks */,
			);
			runOnlyForDeploymentPostprocessing = 0;
		};
/* End PBXFrameworksBuildPhase section */

/* Begin PBXGroup section */
		961693176558752EC1502E22 /* Frameworks */ = {
			isa = PBXGroup;
			children = (
				0EA8B904A74AA862DE48EA2A /* Pods_IntercomHeaderIssue.framework */,
			);
			name = Frameworks;
			sourceTree = "<group>";
		};
		D339ECA5234D2C440052D41A = {
			isa = PBXGroup;
			children = (
				D339ECB0234D2C440052D41A /* IntercomHeaderIssue */,
				D339ECAF234D2C440052D41A /* Products */,
				E7EB5628E9C05DCC233BF6B1 /* Pods */,
				961693176558752EC1502E22 /* Frameworks */,
			);
			sourceTree = "<group>";
		};
		D339ECAF234D2C440052D41A /* Products */ = {
			isa = PBXGroup;
			children = (
				D339ECAE234D2C440052D41A /* IntercomHeaderIssue.app */,
			);
			name = Products;
			sourceTree = "<group>";
		};
		D339ECB0234D2C440052D41A /* IntercomHeaderIssue */ = {
			isa = PBXGroup;
			children = (
				D339ECB1234D2C440052D41A /* AppDelegate.h */,
				D339ECB2234D2C440052D41A /* AppDelegate.m */,
				D339ECB4234D2C440052D41A /* SceneDelegate.h */,
				D339ECB5234D2C440052D41A /* SceneDelegate.m */,
				D339ECB7234D2C440052D41A /* ViewController.h */,
				D339ECB8234D2C440052D41A /* ViewController.m */,
				D339ECBA234D2C440052D41A /* Main.storyboard */,
				D339ECBD234D2C440052D41A /* Assets.xcassets */,
				D339ECBF234D2C440052D41A /* LaunchScreen.storyboard */,
				D339ECC2234D2C440052D41A /* Info.plist */,
				D339ECC3234D2C440052D41A /* main.m */,
			);
			path = IntercomHeaderIssue;
			sourceTree = "<group>";
		};
		E7EB5628E9C05DCC233BF6B1 /* Pods */ = {
			isa = PBXGroup;
			children = (
				ECDD9629D6A7BC6AA98D5352 /* Pods-IntercomHeaderIssue.debug.xcconfig */,
				CD2D7606E91DDEE38532CFB0 /* Pods-IntercomHeaderIssue.release.xcconfig */,
			);
			name = Pods;
			path = Pods;
			sourceTree = "<group>";
		};
/* End PBXGroup section */

/* Begin PBXNativeTarget section */
		D339ECAD234D2C440052D41A /* IntercomHeaderIssue */ = {
			isa = PBXNativeTarget;
			buildConfigurationList = D339ECC7234D2C440052D41A /* Build configuration list for PBXNativeTarget "IntercomHeaderIssue" */;
			buildPhases = (
				318941D574AF55793D1E880E /* [CP] Check Pods Manifest.lock */,
				D339ECAA234D2C440052D41A /* Sources */,
				D339ECAB234D2C440052D41A /* Frameworks */,
				D339ECAC234D2C440052D41A /* Resources */,
				37B0596ED60E300589A352D9 /* [CP] Copy Pods Resources */,
			);
			buildRules = (
			);
			dependencies = (
			);
			name = IntercomHeaderIssue;
			productName = IntercomHeaderIssue;
			productReference = D339ECAE234D2C440052D41A /* IntercomHeaderIssue.app */;
			productType = "com.apple.product-type.application";
		};
/* End PBXNativeTarget section */

/* Begin PBXProject section */
		D339ECA6234D2C440052D41A /* Project object */ = {
			isa = PBXProject;
			attributes = {
				LastUpgradeCheck = 1110;
				ORGANIZATIONNAME = "Brian Walton";
				TargetAttributes = {
					D339ECAD234D2C440052D41A = {
						CreatedOnToolsVersion = 11.1;
					};
				};
			};
			buildConfigurationList = D339ECA9234D2C440052D41A /* Build configuration list for PBXProject "IntercomHeaderIssue" */;
			compatibilityVersion = "Xcode 9.3";
			developmentRegion = en;
			hasScannedForEncodings = 0;
			knownRegions = (
				en,
				Base,
			);
			mainGroup = D339ECA5234D2C440052D41A;
			productRefGroup = D339ECAF234D2C440052D41A /* Products */;
			projectDirPath = "";
			projectRoot = "";
			targets = (
				D339ECAD234D2C440052D41A /* IntercomHeaderIssue */,
			);
		};
/* End PBXProject section */

/* Begin PBXResourcesBuildPhase section */
		D339ECAC234D2C440052D41A /* Resources */ = {
			isa = PBXResourcesBuildPhase;
			buildActionMask = 2147483647;
			files = (
				D339ECC1234D2C440052D41A /* LaunchScreen.storyboard in Resources */,
				D339ECBE234D2C440052D41A /* Assets.xcassets in Resources */,
				D339ECBC234D2C440052D41A /* Main.storyboard in Resources */,
			);
			runOnlyForDeploymentPostprocessing = 0;
		};
/* End PBXResourcesBuildPhase section */

/* Begin PBXShellScriptBuildPhase section */
		318941D574AF55793D1E880E /* [CP] Check Pods Manifest.lock */ = {
			isa = PBXShellScriptBuildPhase;
			buildActionMask = 2147483647;
			files = (
			);
			inputFileListPaths = (
			);
			inputPaths = (
				"${PODS_PODFILE_DIR_PATH}/Podfile.lock",
				"${PODS_ROOT}/Manifest.lock",
			);
			name = "[CP] Check Pods Manifest.lock";
			outputFileListPaths = (
			);
			outputPaths = (
				"$(DERIVED_FILE_DIR)/Pods-IntercomHeaderIssue-checkManifestLockResult.txt",
			);
			runOnlyForDeploymentPostprocessing = 0;
			shellPath = /bin/sh;
			shellScript = "diff \"${PODS_PODFILE_DIR_PATH}/Podfile.lock\" \"${PODS_ROOT}/Manifest.lock\" > /dev/null\nif [ $? != 0 ] ; then\n    # print error to STDERR\n    echo \"error: The sandbox is not in sync with the Podfile.lock. Run 'pod install' or update your CocoaPods installation.\" >&2\n    exit 1\nfi\n# This output is used by Xcode 'outputs' to avoid re-running this script phase.\necho \"SUCCESS\" > \"${SCRIPT_OUTPUT_FILE_0}\"\n";
			showEnvVarsInLog = 0;
		};
		37B0596ED60E300589A352D9 /* [CP] Copy Pods Resources */ = {
			isa = PBXShellScriptBuildPhase;
			buildActionMask = 2147483647;
			files = (
			);
			inputFileListPaths = (
				"${PODS_ROOT}/Target Support Files/Pods-IntercomHeaderIssue/Pods-IntercomHeaderIssue-resources-${CONFIGURATION}-input-files.xcfilelist",
			);
			name = "[CP] Copy Pods Resources";
			outputFileListPaths = (
				"${PODS_ROOT}/Target Support Files/Pods-IntercomHeaderIssue/Pods-IntercomHeaderIssue-resources-${CONFIGURATION}-output-files.xcfilelist",
			);
			runOnlyForDeploymentPostprocessing = 0;
			shellPath = /bin/sh;
			shellScript = "\"${PODS_ROOT}/Target Support Files/Pods-IntercomHeaderIssue/Pods-IntercomHeaderIssue-resources.sh\"\n";
			showEnvVarsInLog = 0;
		};
/* End PBXShellScriptBuildPhase section */

/* Begin PBXSourcesBuildPhase section */
		D339ECAA234D2C440052D41A /* Sources */ = {
			isa = PBXSourcesBuildPhase;
			buildActionMask = 2147483647;
			files = (
				D339ECB9234D2C440052D41A /* ViewController.m in Sources */,
				D339ECB3234D2C440052D41A /* AppDelegate.m in Sources */,
				D339ECC4234D2C440052D41A /* main.m in Sources */,
				D339ECB6234D2C440052D41A /* SceneDelegate.m in Sources */,
			);
			runOnlyForDeploymentPostprocessing = 0;
		};
/* End PBXSourcesBuildPhase section */

/* Begin PBXVariantGroup section */
		D339ECBA234D2C440052D41A /* Main.storyboard */ = {
			isa = PBXVariantGroup;
			children = (
				D339ECBB234D2C440052D41A /* Base */,
			);
			name = Main.storyboard;
			sourceTree = "<group>";
		};
		D339ECBF234D2C440052D41A /* LaunchScreen.storyboard */ = {
			isa = PBXVariantGroup;
			children = (
				D339ECC0234D2C440052D41A /* Base */,
			);
			name = LaunchScreen.storyboard;
			sourceTree = "<group>";
		};
/* End PBXVariantGroup section */

/* Begin XCBuildConfiguration section */
		D339ECC5234D2C440052D41A /* Debug */ = {
			isa = XCBuildConfiguration;
			buildSettings = {
				ALWAYS_SEARCH_USER_PATHS = NO;
				CLANG_ANALYZER_NONNULL = YES;
				CLANG_ANALYZER_NUMBER_OBJECT_CONVERSION = YES_AGGRESSIVE;
				CLANG_CXX_LANGUAGE_STANDARD = "gnu++14";
				CLANG_CXX_LIBRARY = "libc++";
				CLANG_ENABLE_MODULES = YES;
				CLANG_ENABLE_OBJC_ARC = YES;
				CLANG_ENABLE_OBJC_WEAK = YES;
				CLANG_WARN_BLOCK_CAPTURE_AUTORELEASING = YES;
				CLANG_WARN_BOOL_CONVERSION = YES;
				CLANG_WARN_COMMA = YES;
				CLANG_WARN_CONSTANT_CONVERSION = YES;
				CLANG_WARN_DEPRECATED_OBJC_IMPLEMENTATIONS = YES;
				CLANG_WARN_DIRECT_OBJC_ISA_USAGE = YES_ERROR;
				CLANG_WARN_DOCUMENTATION_COMMENTS = YES;
				CLANG_WARN_EMPTY_BODY = YES;
				CLANG_WARN_ENUM_CONVERSION = YES;
				CLANG_WARN_INFINITE_RECURSION = YES;
				CLANG_WARN_INT_CONVERSION = YES;
				CLANG_WARN_NON_LITERAL_NULL_CONVERSION = YES;
				CLANG_WARN_OBJC_IMPLICIT_RETAIN_SELF = YES;
				CLANG_WARN_OBJC_LITERAL_CONVERSION = YES;
				CLANG_WARN_OBJC_ROOT_CLASS = YES_ERROR;
				CLANG_WARN_RANGE_LOOP_ANALYSIS = YES;
				CLANG_WARN_STRICT_PROTOTYPES = YES;
				CLANG_WARN_SUSPICIOUS_MOVE = YES;
				CLANG_WARN_UNGUARDED_AVAILABILITY = YES_AGGRESSIVE;
				CLANG_WARN_UNREACHABLE_CODE = YES;
				CLANG_WARN__DUPLICATE_METHOD_MATCH = YES;
				COPY_PHASE_STRIP = NO;
				DEBUG_INFORMATION_FORMAT = dwarf;
				ENABLE_STRICT_OBJC_MSGSEND = YES;
				ENABLE_TESTABILITY = YES;
				GCC_C_LANGUAGE_STANDARD = gnu11;
				GCC_DYNAMIC_NO_PIC = NO;
				GCC_NO_COMMON_BLOCKS = YES;
				GCC_OPTIMIZATION_LEVEL = 0;
				GCC_PREPROCESSOR_DEFINITIONS = (
					"DEBUG=1",
					"$(inherited)",
				);
				GCC_WARN_64_TO_32_BIT_CONVERSION = YES;
				GCC_WARN_ABOUT_RETURN_TYPE = YES_ERROR;
				GCC_WARN_UNDECLARED_SELECTOR = YES;
				GCC_WARN_UNINITIALIZED_AUTOS = YES_AGGRESSIVE;
				GCC_WARN_UNUSED_FUNCTION = YES;
				GCC_WARN_UNUSED_VARIABLE = YES;
				IPHONEOS_DEPLOYMENT_TARGET = 13.1;
				MTL_ENABLE_DEBUG_INFO = INCLUDE_SOURCE;
				MTL_FAST_MATH = YES;
				ONLY_ACTIVE_ARCH = YES;
				SDKROOT = iphoneos;
			};
			name = Debug;
		};
		D339ECC6234D2C440052D41A /* Release */ = {
			isa = XCBuildConfiguration;
			buildSettings = {
				ALWAYS_SEARCH_USER_PATHS = NO;
				CLANG_ANALYZER_NONNULL = YES;
				CLANG_ANALYZER_NUMBER_OBJECT_CONVERSION = YES_AGGRESSIVE;
				CLANG_CXX_LANGUAGE_STANDARD = "gnu++14";
				CLANG_CXX_LIBRARY = "libc++";
				CLANG_ENABLE_MODULES = YES;
				CLANG_ENABLE_OBJC_ARC = YES;
				CLANG_ENABLE_OBJC_WEAK = YES;
				CLANG_WARN_BLOCK_CAPTURE_AUTORELEASING = YES;
				CLANG_WARN_BOOL_CONVERSION = YES;
				CLANG_WARN_COMMA = YES;
				CLANG_WARN_CONSTANT_CONVERSION = YES;
				CLANG_WARN_DEPRECATED_OBJC_IMPLEMENTATIONS = YES;
				CLANG_WARN_DIRECT_OBJC_ISA_USAGE = YES_ERROR;
				CLANG_WARN_DOCUMENTATION_COMMENTS = YES;
				CLANG_WARN_EMPTY_BODY = YES;
				CLANG_WARN_ENUM_CONVERSION = YES;
				CLANG_WARN_INFINITE_RECURSION = YES;
				CLANG_WARN_INT_CONVERSION = YES;
				CLANG_WARN_NON_LITERAL_NULL_CONVERSION = YES;
				CLANG_WARN_OBJC_IMPLICIT_RETAIN_SELF = YES;
				CLANG_WARN_OBJC_LITERAL_CONVERSION = YES;
				CLANG_WARN_OBJC_ROOT_CLASS = YES_ERROR;
				CLANG_WARN_RANGE_LOOP_ANALYSIS = YES;
				CLANG_WARN_STRICT_PROTOTYPES = YES;
				CLANG_WARN_SUSPICIOUS_MOVE = YES;
				CLANG_WARN_UNGUARDED_AVAILABILITY = YES_AGGRESSIVE;
				CLANG_WARN_UNREACHABLE_CODE = YES;
				CLANG_WARN__DUPLICATE_METHOD_MATCH = YES;
				COPY_PHASE_STRIP = NO;
				DEBUG_INFORMATION_FORMAT = "dwarf-with-dsym";
				ENABLE_NS_ASSERTIONS = NO;
				ENABLE_STRICT_OBJC_MSGSEND = YES;
				GCC_C_LANGUAGE_STANDARD = gnu11;
				GCC_NO_COMMON_BLOCKS = YES;
				GCC_WARN_64_TO_32_BIT_CONVERSION = YES;
				GCC_WARN_ABOUT_RETURN_TYPE = YES_ERROR;
				GCC_WARN_UNDECLARED_SELECTOR = YES;
				GCC_WARN_UNINITIALIZED_AUTOS = YES_AGGRESSIVE;
				GCC_WARN_UNUSED_FUNCTION = YES;
				GCC_WARN_UNUSED_VARIABLE = YES;
				IPHONEOS_DEPLOYMENT_TARGET = 13.1;
				MTL_ENABLE_DEBUG_INFO = NO;
				MTL_FAST_MATH = YES;
				SDKROOT = iphoneos;
				VALIDATE_PRODUCT = YES;
			};
			name = Release;
		};
		D339ECC8234D2C440052D41A /* Debug */ = {
			isa = XCBuildConfiguration;
			baseConfigurationReference = ECDD9629D6A7BC6AA98D5352 /* Pods-IntercomHeaderIssue.debug.xcconfig */;
			buildSettings = {
				ASSETCATALOG_COMPILER_APPICON_NAME = AppIcon;
				CODE_SIGN_STYLE = Automatic;
				DEVELOPMENT_TEAM = X92WQA3H4L;
				INFOPLIST_FILE = IntercomHeaderIssue/Info.plist;
				LD_RUNPATH_SEARCH_PATHS = (
					"$(inherited)",
					"@executable_path/Frameworks",
				);
				PRODUCT_BUNDLE_IDENTIFIER = com.bevgem.IntercomHeaderIssue;
				PRODUCT_NAME = "$(TARGET_NAME)";
				TARGETED_DEVICE_FAMILY = "1,2";
			};
			name = Debug;
		};
		D339ECC9234D2C440052D41A /* Release */ = {
			isa = XCBuildConfiguration;
			baseConfigurationReference = CD2D7606E91DDEE38532CFB0 /* Pods-IntercomHeaderIssue.release.xcconfig */;
			buildSettings = {
				ASSETCATALOG_COMPILER_APPICON_NAME = AppIcon;
				CODE_SIGN_STYLE = Automatic;
				DEVELOPMENT_TEAM = X92WQA3H4L;
				INFOPLIST_FILE = IntercomHeaderIssue/Info.plist;
				LD_RUNPATH_SEARCH_PATHS = (
					"$(inherited)",
					"@executable_path/Frameworks",
				);
				PRODUCT_BUNDLE_IDENTIFIER = com.bevgem.IntercomHeaderIssue;
				PRODUCT_NAME = "$(TARGET_NAME)";
				TARGETED_DEVICE_FAMILY = "1,2";
			};
			name = Release;
		};
/* End XCBuildConfiguration section */

/* Begin XCConfigurationList section */
		D339ECA9234D2C440052D41A /* Build configuration list for PBXProject "IntercomHeaderIssue" */ = {
			isa = XCConfigurationList;
			buildConfigurations = (
				D339ECC5234D2C440052D41A /* Debug */,
				D339ECC6234D2C440052D41A /* Release */,
			);
			defaultConfigurationIsVisible = 0;
			defaultConfigurationName = Release;
		};
		D339ECC7234D2C440052D41A /* Build configuration list for PBXNativeTarget "IntercomHeaderIssue" */ = {
			isa = XCConfigurationList;
			buildConfigurations = (
				D339ECC8234D2C440052D41A /* Debug */,
				D339ECC9234D2C440052D41A /* Release */,
			);
			defaultConfigurationIsVisible = 0;
			defaultConfigurationName = Release;
		};
/* End XCConfigurationList section */
	};
	rootObject = D339ECA6234D2C440052D41A /* Project object */;
}
